// !$*UTF8*$!
{
	archiveVersion = 1;
	classes = {
	};
	objectVersion = 77;
	objects = {

/* Begin PBXContainerItemProxy section */
		D9887B452DCCBF9D003624FE /* PBXContainerItemProxy */ = {
			isa = PBXContainerItemProxy;
			containerPortal = D9887B2C2DCCBF9C003624FE /* Project object */;
			proxyType = 1;
			remoteGlobalIDString = D9887B332DCCBF9D003624FE;
			remoteInfo = WastedTime;
		};
		D9887B4F2DCCBF9D003624FE /* PBXContainerItemProxy */ = {
			isa = PBXContainerItemProxy;
			containerPortal = D9887B2C2DCCBF9C003624FE /* Project object */;
			proxyType = 1;
			remoteGlobalIDString = D9887B332DCCBF9D003624FE;
			remoteInfo = WastedTime;
		};
/* End PBXContainerItemProxy section */

/* Begin PBXFileReference section */
		D9887B342DCCBF9D003624FE /* WastedTime.app */ = {isa = PBXFileReference; explicitFileType = wrapper.application; includeInIndex = 0; path = WastedTime.app; sourceTree = BUILT_PRODUCTS_DIR; };
		D9887B442DCCBF9D003624FE /* WastedTimeTests.xctest */ = {isa = PBXFileReference; explicitFileType = wrapper.cfbundle; includeInIndex = 0; path = WastedTimeTests.xctest; sourceTree = BUILT_PRODUCTS_DIR; };
		D9887B4E2DCCBF9D003624FE /* WastedTimeUITests.xctest */ = {isa = PBXFileReference; explicitFileType = wrapper.cfbundle; includeInIndex = 0; path = WastedTimeUITests.xctest; sourceTree = BUILT_PRODUCTS_DIR; };
/* End PBXFileReference section */

/* Begin PBXFileSystemSynchronizedRootGroup section */
		D9887B362DCCBF9D003624FE /* WastedTime */ = {
			isa = PBXFileSystemSynchronizedRootGroup;
			path = WastedTime;
			sourceTree = "<group>";
		};
		D9887B472DCCBF9D003624FE /* WastedTimeTests */ = {
			isa = PBXFileSystemSynchronizedRootGroup;
			path = WastedTimeTests;
			sourceTree = "<group>";
		};
		D9887B512DCCBF9D003624FE /* WastedTimeUITests */ = {
			isa = PBXFileSystemSynchronizedRootGroup;
			path = WastedTimeUITests;
			sourceTree = "<group>";
		};
/* End PBXFileSystemSynchronizedRootGroup section */

/* Begin PBXFrameworksBuildPhase section */
		D9887B312DCCBF9D003624FE /* Frameworks */ = {
			isa = PBXFrameworksBuildPhase;
			buildActionMask = 2147483647;
			files = (
			);
			runOnlyForDeploymentPostprocessing = 0;
		};
		D9887B412DCCBF9D003624FE /* Frameworks */ = {
			isa = PBXFrameworksBuildPhase;
			buildActionMask = 2147483647;
			files = (
			);
			runOnlyForDeploymentPostprocessing = 0;
		};
		D9887B4B2DCCBF9D003624FE /* Frameworks */ = {
			isa = PBXFrameworksBuildPhase;
			buildActionMask = 2147483647;
			files = (
			);
			runOnlyForDeploymentPostprocessing = 0;
		};
/* End PBXFrameworksBuildPhase section */

/* Begin PBXGroup section */
		D9887B2B2DCCBF9C003624FE = {
			isa = PBXGroup;
			children = (
				D9887B362DCCBF9D003624FE /* WastedTime */,
				D9887B472DCCBF9D003624FE /* WastedTimeTests */,
				D9887B512DCCBF9D003624FE /* WastedTimeUITests */,
				D9887B352DCCBF9D003624FE /* Products */,
			);
			sourceTree = "<group>";
		};
		D9887B352DCCBF9D003624FE /* Products */ = {
			isa = PBXGroup;
			children = (
				D9887B342DCCBF9D003624FE /* WastedTime.app */,
				D9887B442DCCBF9D003624FE /* WastedTimeTests.xctest */,
				D9887B4E2DCCBF9D003624FE /* WastedTimeUITests.xctest */,
			);
			name = Products;
			sourceTree = "<group>";
		};
/* End PBXGroup section */

/* Begin PBXNativeTarget section */
		D9887B332DCCBF9D003624FE /* WastedTime */ = {
			isa = PBXNativeTarget;
			buildConfigurationList = D9887B582DCCBF9D003624FE /* Build configuration list for PBXNativeTarget "WastedTime" */;
			buildPhases = (
				D9887B302DCCBF9D003624FE /* Sources */,
				D9887B312DCCBF9D003624FE /* Frameworks */,
				D9887B322DCCBF9D003624FE /* Resources */,
			);
			buildRules = (
			);
			dependencies = (
			);
			fileSystemSynchronizedGroups = (
				D9887B362DCCBF9D003624FE /* WastedTime */,
			);
			name = WastedTime;
			packageProductDependencies = (
			);
			productName = WastedTime;
			productReference = D9887B342DCCBF9D003624FE /* WastedTime.app */;
			productType = "com.apple.product-type.application";
		};
		D9887B432DCCBF9D003624FE /* WastedTimeTests */ = {
			isa = PBXNativeTarget;
			buildConfigurationList = D9887B5B2DCCBF9D003624FE /* Build configuration list for PBXNativeTarget "WastedTimeTests" */;
			buildPhases = (
				D9887B402DCCBF9D003624FE /* Sources */,
				D9887B412DCCBF9D003624FE /* Frameworks */,
				D9887B422DCCBF9D003624FE /* Resources */,
			);
			buildRules = (
			);
			dependencies = (
				D9887B462DCCBF9D003624FE /* PBXTargetDependency */,
			);
			fileSystemSynchronizedGroups = (
				D9887B472DCCBF9D003624FE /* WastedTimeTests */,
			);
			name = WastedTimeTests;
			packageProductDependencies = (
			);
			productName = WastedTimeTests;
			productReference = D9887B442DCCBF9D003624FE /* WastedTimeTests.xctest */;
			productType = "com.apple.product-type.bundle.unit-test";
		};
		D9887B4D2DCCBF9D003624FE /* WastedTimeUITests */ = {
			isa = PBXNativeTarget;
			buildConfigurationList = D9887B5E2DCCBF9D003624FE /* Build configuration list for PBXNativeTarget "WastedTimeUITests" */;
			buildPhases = (
				D9887B4A2DCCBF9D003624FE /* Sources */,
				D9887B4B2DCCBF9D003624FE /* Frameworks */,
				D9887B4C2DCCBF9D003624FE /* Resources */,
			);
			buildRules = (
			);
			dependencies = (
				D9887B502DCCBF9D003624FE /* PBXTargetDependency */,
			);
			fileSystemSynchronizedGroups = (
				D9887B512DCCBF9D003624FE /* WastedTimeUITests */,
			);
			name = WastedTimeUITests;
			packageProductDependencies = (
			);
			productName = WastedTimeUITests;
			productReference = D9887B4E2DCCBF9D003624FE /* WastedTimeUITests.xctest */;
			productType = "com.apple.product-type.bundle.ui-testing";
		};
/* End PBXNativeTarget section */

/* Begin PBXProject section */
		D9887B2C2DCCBF9C003624FE /* Project object */ = {
			isa = PBXProject;
			attributes = {
				BuildIndependentTargetsInParallel = 1;
				LastSwiftUpdateCheck = 1620;
				LastUpgradeCheck = 1620;
				TargetAttributes = {
					D9887B332DCCBF9D003624FE = {
						CreatedOnToolsVersion = 16.2;
					};
					D9887B432DCCBF9D003624FE = {
						CreatedOnToolsVersion = 16.2;
						TestTargetID = D9887B332DCCBF9D003624FE;
					};
					D9887B4D2DCCBF9D003624FE = {
						CreatedOnToolsVersion = 16.2;
						TestTargetID = D9887B332DCCBF9D003624FE;
					};
				};
			};
			buildConfigurationList = D9887B2F2DCCBF9C003624FE /* Build configuration list for PBXProject "WastedTime" */;
			developmentRegion = en;
			hasScannedForEncodings = 0;
			knownRegions = (
				en,
				Base,
			);
			mainGroup = D9887B2B2DCCBF9C003624FE;
			minimizedProjectReferenceProxies = 1;
			preferredProjectObjectVersion = 77;
			productRefGroup = D9887B352DCCBF9D003624FE /* Products */;
			projectDirPath = "";
			projectRoot = "";
			targets = (
				D9887B332DCCBF9D003624FE /* WastedTime */,
				D9887B432DCCBF9D003624FE /* WastedTimeTests */,
				D9887B4D2DCCBF9D003624FE /* WastedTimeUITests */,
			);
		};
/* End PBXProject section */

/* Begin PBXResourcesBuildPhase section */
		D9887B322DCCBF9D003624FE /* Resources */ = {
			isa = PBXResourcesBuildPhase;
			buildActionMask = 2147483647;
			files = (
			);
			runOnlyForDeploymentPostprocessing = 0;
		};
		D9887B422DCCBF9D003624FE /* Resources */ = {
			isa = PBXResourcesBuildPhase;
			buildActionMask = 2147483647;
			files = (
			);
			runOnlyForDeploymentPostprocessing = 0;
		};
		D9887B4C2DCCBF9D003624FE /* Resources */ = {
			isa = PBXResourcesBuildPhase;
			buildActionMask = 2147483647;
			files = (
			);
			runOnlyForDeploymentPostprocessing = 0;
		};
/* End PBXResourcesBuildPhase section */

/* Begin PBXSourcesBuildPhase section */
		D9887B302DCCBF9D003624FE /* Sources */ = {
			isa = PBXSourcesBuildPhase;
			buildActionMask = 2147483647;
			files = (
			);
			runOnlyForDeploymentPostprocessing = 0;
		};
		D9887B402DCCBF9D003624FE /* Sources */ = {
			isa = PBXSourcesBuildPhase;
			buildActionMask = 2147483647;
			files = (
			);
			runOnlyForDeploymentPostprocessing = 0;
		};
		D9887B4A2DCCBF9D003624FE /* Sources */ = {
			isa = PBXSourcesBuildPhase;
			buildActionMask = 2147483647;
			files = (
			);
			runOnlyForDeploymentPostprocessing = 0;
		};
/* End PBXSourcesBuildPhase section */

/* Begin PBXTargetDependency section */
		D9887B462DCCBF9D003624FE /* PBXTargetDependency */ = {
			isa = PBXTargetDependency;
			target = D9887B332DCCBF9D003624FE /* WastedTime */;
			targetProxy = D9887B452DCCBF9D003624FE /* PBXContainerItemProxy */;
		};
		D9887B502DCCBF9D003624FE /* PBXTargetDependency */ = {
			isa = PBXTargetDependency;
			target = D9887B332DCCBF9D003624FE /* WastedTime */;
			targetProxy = D9887B4F2DCCBF9D003624FE /* PBXContainerItemProxy */;
		};
/* End PBXTargetDependency section */

/* Begin XCBuildConfiguration section */
		D9887B562DCCBF9D003624FE /* Debug */ = {
			isa = XCBuildConfiguration;
			buildSettings = {
				ALWAYS_SEARCH_USER_PATHS = NO;
				ASSETCATALOG_COMPILER_GENERATE_SWIFT_ASSET_SYMBOL_EXTENSIONS = YES;
				CLANG_ANALYZER_NONNULL = YES;
				CLANG_ANALYZER_NUMBER_OBJECT_CONVERSION = YES_AGGRESSIVE;
				CLANG_CXX_LANGUAGE_STANDARD = "gnu++20";
				CLANG_ENABLE_MODULES = YES;
				CLANG_ENABLE_OBJC_ARC = YES;
				CLANG_ENABLE_OBJC_WEAK = YES;
				CLANG_WARN_BLOCK_CAPTURE_AUTORELEASING = YES;
				CLANG_WARN_BOOL_CONVERSION = YES;
				CLANG_WARN_COMMA = YES;
				CLANG_WARN_CONSTANT_CONVERSION = YES;
				CLANG_WARN_DEPRECATED_OBJC_IMPLEMENTATIONS = YES;
				CLANG_WARN_DIRECT_OBJC_ISA_USAGE = YES_ERROR;
				CLANG_WARN_DOCUMENTATION_COMMENTS = YES;
				CLANG_WARN_EMPTY_BODY = YES;
				CLANG_WARN_ENUM_CONVERSION = YES;
				CLANG_WARN_INFINITE_RECURSION = YES;
				CLANG_WARN_INT_CONVERSION = YES;
				CLANG_WARN_NON_LITERAL_NULL_CONVERSION = YES;
				CLANG_WARN_OBJC_IMPLICIT_RETAIN_SELF = YES;
				CLANG_WARN_OBJC_LITERAL_CONVERSION = YES;
				CLANG_WARN_OBJC_ROOT_CLASS = YES_ERROR;
				CLANG_WARN_QUOTED_INCLUDE_IN_FRAMEWORK_HEADER = YES;
				CLANG_WARN_RANGE_LOOP_ANALYSIS = YES;
				CLANG_WARN_STRICT_PROTOTYPES = YES;
				CLANG_WARN_SUSPICIOUS_MOVE = YES;
				CLANG_WARN_UNGUARDED_AVAILABILITY = YES_AGGRESSIVE;
				CLANG_WARN_UNREACHABLE_CODE = YES;
				CLANG_WARN__DUPLICATE_METHOD_MATCH = YES;
				COPY_PHASE_STRIP = NO;
				DEBUG_INFORMATION_FORMAT = dwarf;
				ENABLE_STRICT_OBJC_MSGSEND = YES;
				ENABLE_TESTABILITY = YES;
				ENABLE_USER_SCRIPT_SANDBOXING = YES;
				GCC_C_LANGUAGE_STANDARD = gnu17;
				GCC_DYNAMIC_NO_PIC = NO;
				GCC_NO_COMMON_BLOCKS = YES;
				GCC_OPTIMIZATION_LEVEL = 0;
				GCC_PREPROCESSOR_DEFINITIONS = (
					"DEBUG=1",
					"$(inherited)",
				);
				GCC_WARN_64_TO_32_BIT_CONVERSION = YES;
				GCC_WARN_ABOUT_RETURN_TYPE = YES_ERROR;
				GCC_WARN_UNDECLARED_SELECTOR = YES;
				GCC_WARN_UNINITIALIZED_AUTOS = YES_AGGRESSIVE;
				GCC_WARN_UNUSED_FUNCTION = YES;
				GCC_WARN_UNUSED_VARIABLE = YES;
				IPHONEOS_DEPLOYMENT_TARGET = 18.2;
				LOCALIZATION_PREFERS_STRING_CATALOGS = YES;
				MTL_ENABLE_DEBUG_INFO = INCLUDE_SOURCE;
				MTL_FAST_MATH = YES;
				ONLY_ACTIVE_ARCH = YES;
				SDKROOT = iphoneos;
				SWIFT_ACTIVE_COMPILATION_CONDITIONS = "DEBUG $(inherited)";
				SWIFT_OPTIMIZATION_LEVEL = "-Onone";
			};
			name = Debug;
		};
		D9887B572DCCBF9D003624FE /* Release */ = {
			isa = XCBuildConfiguration;
			buildSettings = {
				ALWAYS_SEARCH_USER_PATHS = NO;
				ASSETCATALOG_COMPILER_GENERATE_SWIFT_ASSET_SYMBOL_EXTENSIONS = YES;
				CLANG_ANALYZER_NONNULL = YES;
				CLANG_ANALYZER_NUMBER_OBJECT_CONVERSION = YES_AGGRESSIVE;
				CLANG_CXX_LANGUAGE_STANDARD = "gnu++20";
				CLANG_ENABLE_MODULES = YES;
				CLANG_ENABLE_OBJC_ARC = YES;
				CLANG_ENABLE_OBJC_WEAK = YES;
				CLANG_WARN_BLOCK_CAPTURE_AUTORELEASING = YES;
				CLANG_WARN_BOOL_CONVERSION = YES;
				CLANG_WARN_COMMA = YES;
				CLANG_WARN_CONSTANT_CONVERSION = YES;
				CLANG_WARN_DEPRECATED_OBJC_IMPLEMENTATIONS = YES;
				CLANG_WARN_DIRECT_OBJC_ISA_USAGE = YES_ERROR;
				CLANG_WARN_DOCUMENTATION_COMMENTS = YES;
				CLANG_WARN_EMPTY_BODY = YES;
				CLANG_WARN_ENUM_CONVERSION = YES;
				CLANG_WARN_INFINITE_RECURSION = YES;
				CLANG_WARN_INT_CONVERSION = YES;
				CLANG_WARN_NON_LITERAL_NULL_CONVERSION = YES;
				CLANG_WARN_OBJC_IMPLICIT_RETAIN_SELF = YES;
				CLANG_WARN_OBJC_LITERAL_CONVERSION = YES;
				CLANG_WARN_OBJC_ROOT_CLASS = YES_ERROR;
				CLANG_WARN_QUOTED_INCLUDE_IN_FRAMEWORK_HEADER = YES;
				CLANG_WARN_RANGE_LOOP_ANALYSIS = YES;
				CLANG_WARN_STRICT_PROTOTYPES = YES;
				CLANG_WARN_SUSPICIOUS_MOVE = YES;
				CLANG_WARN_UNGUARDED_AVAILABILITY = YES_AGGRESSIVE;
				CLANG_WARN_UNREACHABLE_CODE = YES;
				CLANG_WARN__DUPLICATE_METHOD_MATCH = YES;
				COPY_PHASE_STRIP = NO;
				DEBUG_INFORMATION_FORMAT = "dwarf-with-dsym";
				ENABLE_NS_ASSERTIONS = NO;
				ENABLE_STRICT_OBJC_MSGSEND = YES;
				ENABLE_USER_SCRIPT_SANDBOXING = YES;
				GCC_C_LANGUAGE_STANDARD = gnu17;
				GCC_NO_COMMON_BLOCKS = YES;
				GCC_WARN_64_TO_32_BIT_CONVERSION = YES;
				GCC_WARN_ABOUT_RETURN_TYPE = YES_ERROR;
				GCC_WARN_UNDECLARED_SELECTOR = YES;
				GCC_WARN_UNINITIALIZED_AUTOS = YES_AGGRESSIVE;
				GCC_WARN_UNUSED_FUNCTION = YES;
				GCC_WARN_UNUSED_VARIABLE = YES;
				IPHONEOS_DEPLOYMENT_TARGET = 18.2;
				LOCALIZATION_PREFERS_STRING_CATALOGS = YES;
				MTL_ENABLE_DEBUG_INFO = NO;
				MTL_FAST_MATH = YES;
				SDKROOT = iphoneos;
				SWIFT_COMPILATION_MODE = wholemodule;
				VALIDATE_PRODUCT = YES;
			};
			name = Release;
		};
		D9887B592DCCBF9D003624FE /* Debug */ = {
			isa = XCBuildConfiguration;
			buildSettings = {
				ASSETCATALOG_COMPILER_APPICON_NAME = AppIcon;
				ASSETCATALOG_COMPILER_GLOBAL_ACCENT_COLOR_NAME = AccentColor;
				CODE_SIGN_STYLE = Automatic;
				CURRENT_PROJECT_VERSION = 1;
				DEVELOPMENT_ASSET_PATHS = "\"WastedTime/Preview Content\"";
				DEVELOPMENT_TEAM = ZKL6C9T3NC;
				ENABLE_PREVIEWS = YES;
				GENERATE_INFOPLIST_FILE = YES;
				INFOPLIST_KEY_UIApplicationSceneManifest_Generation = YES;
				INFOPLIST_KEY_UIApplicationSupportsIndirectInputEvents = YES;
				INFOPLIST_KEY_UILaunchScreen_Generation = YES;
				INFOPLIST_KEY_UISupportedInterfaceOrientations_iPad = "UIInterfaceOrientationPortrait UIInterfaceOrientationPortraitUpsideDown UIInterfaceOrientationLandscapeLeft UIInterfaceOrientationLandscapeRight";
				INFOPLIST_KEY_UISupportedInterfaceOrientations_iPhone = "UIInterfaceOrientationPortrait UIInterfaceOrientationLandscapeLeft UIInterfaceOrientationLandscapeRight";
				IPHONEOS_DEPLOYMENT_TARGET = 16.0;
				LD_RUNPATH_SEARCH_PATHS = (
					"$(inherited)",
					"@executable_path/Frameworks",
				);
				MARKETING_VERSION = 1.0;
				PRODUCT_BUNDLE_IDENTIFIER = pl.maciejgad.WastedTime;
				PRODUCT_NAME = "$(TARGET_NAME)";
				SWIFT_EMIT_LOC_STRINGS = YES;
				SWIFT_VERSION = 5.0;
				TARGETED_DEVICE_FAMILY = "1,2";
			};
			name = Debug;
		};
		D9887B5A2DCCBF9D003624FE /* Release */ = {
			isa = XCBuildConfiguration;
			buildSettings = {
				ASSETCATALOG_COMPILER_APPICON_NAME = AppIcon;
				ASSETCATALOG_COMPILER_GLOBAL_ACCENT_COLOR_NAME = AccentColor;
				CODE_SIGN_STYLE = Automatic;
				CURRENT_PROJECT_VERSION = 1;
				DEVELOPMENT_ASSET_PATHS = "\"WastedTime/Preview Content\"";
				DEVELOPMENT_TEAM = ZKL6C9T3NC;
				ENABLE_PREVIEWS = YES;
				GENERATE_INFOPLIST_FILE = YES;
				INFOPLIST_KEY_UIApplicationSceneManifest_Generation = YES;
				INFOPLIST_KEY_UIApplicationSupportsIndirectInputEvents = YES;
				INFOPLIST_KEY_UILaunchScreen_Generation = YES;
				INFOPLIST_KEY_UISupportedInterfaceOrientations_iPad = "UIInterfaceOrientationPortrait UIInterfaceOrientationPortraitUpsideDown UIInterfaceOrientationLandscapeLeft UIInterfaceOrientationLandscapeRight";
				INFOPLIST_KEY_UISupportedInterfaceOrientations_iPhone = "UIInterfaceOrientationPortrait UIInterfaceOrientationLandscapeLeft UIInterfaceOrientationLandscapeRight";
				IPHONEOS_DEPLOYMENT_TARGET = 16.0;
				LD_RUNPATH_SEARCH_PATHS = (
					"$(inherited)",
					"@executable_path/Frameworks",
				);
				MARKETING_VERSION = 1.0;
				PRODUCT_BUNDLE_IDENTIFIER = pl.maciejgad.WastedTime;
				PRODUCT_NAME = "$(TARGET_NAME)";
				SWIFT_EMIT_LOC_STRINGS = YES;
				SWIFT_VERSION = 5.0;
				TARGETED_DEVICE_FAMILY = "1,2";
			};
			name = Release;
		};
		D9887B5C2DCCBF9D003624FE /* Debug */ = {
			isa = XCBuildConfiguration;
			buildSettings = {
				BUNDLE_LOADER = "$(TEST_HOST)";
				CODE_SIGN_STYLE = Automatic;
				CURRENT_PROJECT_VERSION = 1;
				DEVELOPMENT_TEAM = ZKL6C9T3NC;
				GENERATE_INFOPLIST_FILE = YES;
				IPHONEOS_DEPLOYMENT_TARGET = 18.2;
				MARKETING_VERSION = 1.0;
				PRODUCT_BUNDLE_IDENTIFIER = pl.maciejgad.WastedTimeTests;
				PRODUCT_NAME = "$(TARGET_NAME)";
				SWIFT_EMIT_LOC_STRINGS = NO;
				SWIFT_VERSION = 5.0;
				TARGETED_DEVICE_FAMILY = "1,2";
				TEST_HOST = "$(BUILT_PRODUCTS_DIR)/WastedTime.app/$(BUNDLE_EXECUTABLE_FOLDER_PATH)/WastedTime";
			};
			name = Debug;
		};
		D9887B5D2DCCBF9D003624FE /* Release */ = {
			isa = XCBuildConfiguration;
			buildSettings = {
				BUNDLE_LOADER = "$(TEST_HOST)";
				CODE_SIGN_STYLE = Automatic;
				CURRENT_PROJECT_VERSION = 1;
				DEVELOPMENT_TEAM = ZKL6C9T3NC;
				GENERATE_INFOPLIST_FILE = YES;
				IPHONEOS_DEPLOYMENT_TARGET = 18.2;
				MARKETING_VERSION = 1.0;
				PRODUCT_BUNDLE_IDENTIFIER = pl.maciejgad.WastedTimeTests;
				PRODUCT_NAME = "$(TARGET_NAME)";
				SWIFT_EMIT_LOC_STRINGS = NO;
				SWIFT_VERSION = 5.0;
				TARGETED_DEVICE_FAMILY = "1,2";
				TEST_HOST = "$(BUILT_PRODUCTS_DIR)/WastedTime.app/$(BUNDLE_EXECUTABLE_FOLDER_PATH)/WastedTime";
			};
			name = Release;
		};
		D9887B5F2DCCBF9D003624FE /* Debug */ = {
			isa = XCBuildConfiguration;
			buildSettings = {
				CODE_SIGN_STYLE = Automatic;
				CURRENT_PROJECT_VERSION = 1;
				DEVELOPMENT_TEAM = ZKL6C9T3NC;
				GENERATE_INFOPLIST_FILE = YES;
				MARKETING_VERSION = 1.0;
				PRODUCT_BUNDLE_IDENTIFIER = pl.maciejgad.WastedTimeUITests;
				PRODUCT_NAME = "$(TARGET_NAME)";
				SWIFT_EMIT_LOC_STRINGS = NO;
				SWIFT_VERSION = 5.0;
				TARGETED_DEVICE_FAMILY = "1,2";
				TEST_TARGET_NAME = WastedTime;
			};
			name = Debug;
		};
		D9887B602DCCBF9D003624FE /* Release */ = {
			isa = XCBuildConfiguration;
			buildSettings = {
				CODE_SIGN_STYLE = Automatic;
				CURRENT_PROJECT_VERSION = 1;
				DEVELOPMENT_TEAM = ZKL6C9T3NC;
				GENERATE_INFOPLIST_FILE = YES;
				MARKETING_VERSION = 1.0;
				PRODUCT_BUNDLE_IDENTIFIER = pl.maciejgad.WastedTimeUITests;
				PRODUCT_NAME = "$(TARGET_NAME)";
				SWIFT_EMIT_LOC_STRINGS = NO;
				SWIFT_VERSION = 5.0;
				TARGETED_DEVICE_FAMILY = "1,2";
				TEST_TARGET_NAME = WastedTime;
			};
			name = Release;
		};
/* End XCBuildConfiguration section */

/* Begin XCConfigurationList section */
		D9887B2F2DCCBF9C003624FE /* Build configuration list for PBXProject "WastedTime" */ = {
			isa = XCConfigurationList;
			buildConfigurations = (
				D9887B562DCCBF9D003624FE /* Debug */,
				D9887B572DCCBF9D003624FE /* Release */,
			);
			defaultConfigurationIsVisible = 0;
			defaultConfigurationName = Release;
		};
		D9887B582DCCBF9D003624FE /* Build configuration list for PBXNativeTarget "WastedTime" */ = {
			isa = XCConfigurationList;
			buildConfigurations = (
				D9887B592DCCBF9D003624FE /* Debug */,
				D9887B5A2DCCBF9D003624FE /* Release */,
			);
			defaultConfigurationIsVisible = 0;
			defaultConfigurationName = Release;
		};
		D9887B5B2DCCBF9D003624FE /* Build configuration list for PBXNativeTarget "WastedTimeTests" */ = {
			isa = XCConfigurationList;
			buildConfigurations = (
				D9887B5C2DCCBF9D003624FE /* Debug */,
				D9887B5D2DCCBF9D003624FE /* Release */,
			);
			defaultConfigurationIsVisible = 0;
			defaultConfigurationName = Release;
		};
		D9887B5E2DCCBF9D003624FE /* Build configuration list for PBXNativeTarget "WastedTimeUITests" */ = {
			isa = XCConfigurationList;
			buildConfigurations = (
				D9887B5F2DCCBF9D003624FE /* Debug */,
				D9887B602DCCBF9D003624FE /* Release */,
			);
			defaultConfigurationIsVisible = 0;
			defaultConfigurationName = Release;
		};
/* End XCConfigurationList section */
	};
	rootObject = D9887B2C2DCCBF9C003624FE /* Project object */;
}
